
Microsoft Visual Studio Solution File, Format Version 12.00
# Visual Studio Version 17
VisualStudioVersion = 17.6.33723.286
MinimumVisualStudioVersion = 10.0.40219.1
Project("{FAE04EC0-301F-11D3-BF4B-00C04F79EFBC}") = "TestEnvironmentVariables", "TestEnvironmentVariables\TestEnvironmentVariables.csproj", "{F780D2B6-D022-4332-9AF3-8B2170802CE6}"
EndProject
Global
	GlobalSection(SolutionConfigurationPlatforms) = preSolution
		Debug|Any CPU = Debug|Any CPU
		Release|Any CPU = Release|Any CPU
	EndGlobalSection
	GlobalSection(ProjectConfigurationPlatforms) = postSolution
		{F780D2B6-D022-4332-9AF3-8B2170802CE6}.Debug|Any CPU.ActiveCfg = Debug|Any CPU
		{F780D2B6-D022-4332-9AF3-8B2170802CE6}.Debug|Any CPU.Build.0 = Debug|Any CPU
		{F780D2B6-D022-4332-9AF3-8B2170802CE6}.Release|Any CPU.ActiveCfg = Release|Any CPU
		{F780D2B6-D022-4332-9AF3-8B2170802CE6}.Release|Any CPU.Build.0 = Release|Any CPU
	EndGlobalSection
	GlobalSection(SolutionProperties) = preSolution
		HideSolutionNode = FALSE
	EndGlobalSection
	GlobalSection(ExtensibilityGlobals) = postSolution
		SolutionGuid = {692A5EBD-0225-480A-BB76-1D1120392CF3}
	EndGlobalSection
EndGlobal
